
Microsoft Visual Studio Solution File, Format Version 12.00
# Visual Studio Version 16
VisualStudioVersion = 16.0.31112.23
MinimumVisualStudioVersion = 10.0.40219.1
Project("{FAE04EC0-301F-11D3-BF4B-00C04F79EFBC}") = "FilterBuilder", "FilterBuilder\FilterBuilder.csproj", "{8D0FAF49-0B13-43FC-A121-064CE24C59E9}"
EndProject
Project("{FAE04EC0-301F-11D3-BF4B-00C04F79EFBC}") = "FilterBuilder.Tests", "FilterBuilder.Tests\FilterBuilder.Tests.csproj", "{2F5C03DF-BBE2-4516-B3CE-A10819F44E74}"
EndProject
Global
	GlobalSection(SolutionConfigurationPlatforms) = preSolution
		Debug|Any CPU = Debug|Any CPU
		Release|Any CPU = Release|Any CPU
	EndGlobalSection
	GlobalSection(ProjectConfigurationPlatforms) = postSolution
		{8D0FAF49-0B13-43FC-A121-064CE24C59E9}.Debug|Any CPU.ActiveCfg = Debug|Any CPU
		{8D0FAF49-0B13-43FC-A121-064CE24C59E9}.Debug|Any CPU.Build.0 = Debug|Any CPU
		{8D0FAF49-0B13-43FC-A121-064CE24C59E9}.Release|Any CPU.ActiveCfg = Release|Any CPU
		{8D0FAF49-0B13-43FC-A121-064CE24C59E9}.Release|Any CPU.Build.0 = Release|Any CPU
		{2F5C03DF-BBE2-4516-B3CE-A10819F44E74}.Debug|Any CPU.ActiveCfg = Debug|Any CPU
		{2F5C03DF-BBE2-4516-B3CE-A10819F44E74}.Debug|Any CPU.Build.0 = Debug|Any CPU
		{2F5C03DF-BBE2-4516-B3CE-A10819F44E74}.Release|Any CPU.ActiveCfg = Release|Any CPU
		{2F5C03DF-BBE2-4516-B3CE-A10819F44E74}.Release|Any CPU.Build.0 = Release|Any CPU
	EndGlobalSection
	GlobalSection(SolutionProperties) = preSolution
		HideSolutionNode = FALSE
	EndGlobalSection
	GlobalSection(ExtensibilityGlobals) = postSolution
		SolutionGuid = {28E6F4A6-36F0-482F-8452-8862C6A9630B}
	EndGlobalSection
EndGlobal
